
Microsoft Visual Studio Solution File, Format Version 12.00
# Visual Studio Version 17
VisualStudioVersion = 17.13.35913.81 d17.13
MinimumVisualStudioVersion = 10.0.40219.1
Project("{FAE04EC0-301F-11D3-BF4B-00C04F79EFBC}") = "UnitTests", "UnitTests\UnitTests.csproj", "{70BE296A-8460-4B09-AD2E-9D47F23DDCB3}"
EndProject
Project("{FAE04EC0-301F-11D3-BF4B-00C04F79EFBC}") = "UnitTests.Tests", "UnitTests.Tests\UnitTests.Tests.csproj", "{D6073F90-8AAE-4118-AFF5-847BE0AE9C28}"
EndProject
Global
	GlobalSection(SolutionConfigurationPlatforms) = preSolution
		Debug|Any CPU = Debug|Any CPU
		Release|Any CPU = Release|Any CPU
	EndGlobalSection
	GlobalSection(ProjectConfigurationPlatforms) = postSolution
		{70BE296A-8460-4B09-AD2E-9D47F23DDCB3}.Debug|Any CPU.ActiveCfg = Debug|Any CPU
		{70BE296A-8460-4B09-AD2E-9D47F23DDCB3}.Debug|Any CPU.Build.0 = Debug|Any CPU
		{70BE296A-8460-4B09-AD2E-9D47F23DDCB3}.Release|Any CPU.ActiveCfg = Release|Any CPU
		{70BE296A-8460-4B09-AD2E-9D47F23DDCB3}.Release|Any CPU.Build.0 = Release|Any CPU
		{D6073F90-8AAE-4118-AFF5-847BE0AE9C28}.Debug|Any CPU.ActiveCfg = Debug|Any CPU
		{D6073F90-8AAE-4118-AFF5-847BE0AE9C28}.Debug|Any CPU.Build.0 = Debug|Any CPU
		{D6073F90-8AAE-4118-AFF5-847BE0AE9C28}.Release|Any CPU.ActiveCfg = Release|Any CPU
		{D6073F90-8AAE-4118-AFF5-847BE0AE9C28}.Release|Any CPU.Build.0 = Release|Any CPU
	EndGlobalSection
	GlobalSection(SolutionProperties) = preSolution
		HideSolutionNode = FALSE
	EndGlobalSection
	GlobalSection(ExtensibilityGlobals) = postSolution
		SolutionGuid = {97366E96-2E06-4D7D-94E2-F11A21E4F57B}
	EndGlobalSection
EndGlobal
